
Microsoft Visual Studio Solution File, Format Version 12.00
# Visual Studio 15
VisualStudioVersion = 15.0.28307.168
MinimumVisualStudioVersion = 10.0.40219.1
Project("{FAE04EC0-301F-11D3-BF4B-00C04F79EFBC}") = "WpfWeigelscheWillkuer_C-sharp", "WpfWeigelscheWillkuer_C-sharp\WpfWeigelscheWillkuer_C-sharp.csproj", "{44342197-A91A-4BA0-966B-DFF7D8EDEC87}"
EndProject
Global
	GlobalSection(SolutionConfigurationPlatforms) = preSolution
		Debug|Any CPU = Debug|Any CPU
		Release|Any CPU = Release|Any CPU
	EndGlobalSection
	GlobalSection(ProjectConfigurationPlatforms) = postSolution
		{44342197-A91A-4BA0-966B-DFF7D8EDEC87}.Debug|Any CPU.ActiveCfg = Debug|Any CPU
		{44342197-A91A-4BA0-966B-DFF7D8EDEC87}.Debug|Any CPU.Build.0 = Debug|Any CPU
		{44342197-A91A-4BA0-966B-DFF7D8EDEC87}.Release|Any CPU.ActiveCfg = Release|Any CPU
		{44342197-A91A-4BA0-966B-DFF7D8EDEC87}.Release|Any CPU.Build.0 = Release|Any CPU
	EndGlobalSection
	GlobalSection(SolutionProperties) = preSolution
		HideSolutionNode = FALSE
	EndGlobalSection
	GlobalSection(ExtensibilityGlobals) = postSolution
		SolutionGuid = {286EF465-E704-409A-9A61-6C5C444A0067}
	EndGlobalSection
EndGlobal
